
Microsoft Visual Studio Solution File, Format Version 12.00
# Visual Studio Version 16
VisualStudioVersion = 16.0.31025.194
MinimumVisualStudioVersion = 10.0.40219.1
Project("{FAE04EC0-301F-11D3-BF4B-00C04F79EFBC}") = "StartWithHangFire", "StartWithHangFire\StartWithHangFire.csproj", "{B319204B-AA25-47F2-A1DA-67A8B3513558}"
EndProject
Global
	GlobalSection(SolutionConfigurationPlatforms) = preSolution
		Debug|Any CPU = Debug|Any CPU
		Release|Any CPU = Release|Any CPU
	EndGlobalSection
	GlobalSection(ProjectConfigurationPlatforms) = postSolution
		{B319204B-AA25-47F2-A1DA-67A8B3513558}.Debug|Any CPU.ActiveCfg = Debug|Any CPU
		{B319204B-AA25-47F2-A1DA-67A8B3513558}.Debug|Any CPU.Build.0 = Debug|Any CPU
		{B319204B-AA25-47F2-A1DA-67A8B3513558}.Release|Any CPU.ActiveCfg = Release|Any CPU
		{B319204B-AA25-47F2-A1DA-67A8B3513558}.Release|Any CPU.Build.0 = Release|Any CPU
	EndGlobalSection
	GlobalSection(SolutionProperties) = preSolution
		HideSolutionNode = FALSE
	EndGlobalSection
	GlobalSection(ExtensibilityGlobals) = postSolution
		SolutionGuid = {F8C2CB94-E5AC-4385-AFF5-DFE001BD6203}
	EndGlobalSection
EndGlobal
